
Microsoft Visual Studio Solution File, Format Version 12.00
# Visual Studio 2013
VisualStudioVersion = 12.0.30501.0
MinimumVisualStudioVersion = 10.0.40219.1
Project("{FAE04EC0-301F-11D3-BF4B-00C04F79EFBC}") = "libglncs", "csharp\libglncs\libglncs.csproj", "{10087418-8810-4E63-8CC4-07573BD10B88}"
EndProject
Project("{FAE04EC0-301F-11D3-BF4B-00C04F79EFBC}") = "testcs", "csharp\testcs\testcs.csproj", "{86CB89DE-8D81-4698-B00E-DED07CB4A5CD}"
EndProject
Global
	GlobalSection(SolutionConfigurationPlatforms) = preSolution
		Debug|Any CPU = Debug|Any CPU
		Debug|Mixed Platforms = Debug|Mixed Platforms
		Debug|Win32 = Debug|Win32
		Release|Any CPU = Release|Any CPU
		Release|Mixed Platforms = Release|Mixed Platforms
		Release|Win32 = Release|Win32
	EndGlobalSection
	GlobalSection(ProjectConfigurationPlatforms) = postSolution
		{10087418-8810-4E63-8CC4-07573BD10B88}.Debug|Any CPU.ActiveCfg = Debug|Any CPU
		{10087418-8810-4E63-8CC4-07573BD10B88}.Debug|Any CPU.Build.0 = Debug|Any CPU
		{10087418-8810-4E63-8CC4-07573BD10B88}.Debug|Mixed Platforms.ActiveCfg = Debug|Any CPU
		{10087418-8810-4E63-8CC4-07573BD10B88}.Debug|Mixed Platforms.Build.0 = Debug|Any CPU
		{10087418-8810-4E63-8CC4-07573BD10B88}.Debug|Win32.ActiveCfg = Debug|Any CPU
		{10087418-8810-4E63-8CC4-07573BD10B88}.Release|Any CPU.ActiveCfg = Release|Any CPU
		{10087418-8810-4E63-8CC4-07573BD10B88}.Release|Any CPU.Build.0 = Release|Any CPU
		{10087418-8810-4E63-8CC4-07573BD10B88}.Release|Mixed Platforms.ActiveCfg = Release|Any CPU
		{10087418-8810-4E63-8CC4-07573BD10B88}.Release|Mixed Platforms.Build.0 = Release|Any CPU
		{10087418-8810-4E63-8CC4-07573BD10B88}.Release|Win32.ActiveCfg = Release|Any CPU
		{86CB89DE-8D81-4698-B00E-DED07CB4A5CD}.Debug|Any CPU.ActiveCfg = Debug|Any CPU
		{86CB89DE-8D81-4698-B00E-DED07CB4A5CD}.Debug|Any CPU.Build.0 = Debug|Any CPU
		{86CB89DE-8D81-4698-B00E-DED07CB4A5CD}.Debug|Mixed Platforms.ActiveCfg = Debug|Any CPU
		{86CB89DE-8D81-4698-B00E-DED07CB4A5CD}.Debug|Mixed Platforms.Build.0 = Debug|Any CPU
		{86CB89DE-8D81-4698-B00E-DED07CB4A5CD}.Debug|Win32.ActiveCfg = Debug|Any CPU
		{86CB89DE-8D81-4698-B00E-DED07CB4A5CD}.Release|Any CPU.ActiveCfg = Release|Any CPU
		{86CB89DE-8D81-4698-B00E-DED07CB4A5CD}.Release|Any CPU.Build.0 = Release|Any CPU
		{86CB89DE-8D81-4698-B00E-DED07CB4A5CD}.Release|Mixed Platforms.ActiveCfg = Release|Any CPU
		{86CB89DE-8D81-4698-B00E-DED07CB4A5CD}.Release|Mixed Platforms.Build.0 = Release|Any CPU
		{86CB89DE-8D81-4698-B00E-DED07CB4A5CD}.Release|Win32.ActiveCfg = Release|Any CPU
	EndGlobalSection
	GlobalSection(SolutionProperties) = preSolution
		HideSolutionNode = FALSE
	EndGlobalSection
EndGlobal
